
Microsoft Visual Studio Solution File, Format Version 12.00
Project("{FAE04EC0-301F-11D3-BF4B-00C04F79EFBC}") = "RouterTask", "RouterTask\RouterTask.csproj", "{8E3DE102-01A6-40B2-A072-0F3E9DC2EBEB}"
EndProject
Global
	GlobalSection(SolutionConfigurationPlatforms) = preSolution
		Debug|Any CPU = Debug|Any CPU
		Release|Any CPU = Release|Any CPU
	EndGlobalSection
	GlobalSection(ProjectConfigurationPlatforms) = postSolution
		{8E3DE102-01A6-40B2-A072-0F3E9DC2EBEB}.Debug|Any CPU.ActiveCfg = Debug|Any CPU
		{8E3DE102-01A6-40B2-A072-0F3E9DC2EBEB}.Debug|Any CPU.Build.0 = Debug|Any CPU
		{8E3DE102-01A6-40B2-A072-0F3E9DC2EBEB}.Release|Any CPU.ActiveCfg = Release|Any CPU
		{8E3DE102-01A6-40B2-A072-0F3E9DC2EBEB}.Release|Any CPU.Build.0 = Release|Any CPU
	EndGlobalSection
EndGlobal
